// !$*UTF8*$!
{
	archiveVersion = 1;
	classes = {
	};
	objectVersion = 77;
	objects = {

/* Begin PBXBuildFile section */
		297D8CE864B999198B1B341D /* ContentView.swift in Sources */ = {isa = PBXBuildFile; fileRef = AF0235445D34B2B8177B8518 /* ContentView.swift */; };
		3339BFAC9CA4263CF988805C /* InkpressWatchApp.swift in Sources */ = {isa = PBXBuildFile; fileRef = F6953085598BE09BED001312 /* InkpressWatchApp.swift */; };
		454C53DFA1423B8CB1570534 /* UpvoteButton.swift in Sources */ = {isa = PBXBuildFile; fileRef = CFD04452450EF5D47F2EB33D /* UpvoteButton.swift */; };
		48BAFD1AFF0E17EC381AD01D /* Assets.xcassets in Resources */ = {isa = PBXBuildFile; fileRef = 3FBA1BC4109655DBC441AE42 /* Assets.xcassets */; };
		8C976CD508934979CE12C709 /* WatchModels.swift in Sources */ = {isa = PBXBuildFile; fileRef = D1CE15B5F2F70D2761F6D55D /* WatchModels.swift */; };
		93134B7A3B3EBEA63363FC3F /* EntriesView.swift in Sources */ = {isa = PBXBuildFile; fileRef = 2F73944F91DC980C2EF4DBA2 /* EntriesView.swift */; };
		97745CD91C1E592824A31069 /* PairingView.swift in Sources */ = {isa = PBXBuildFile; fileRef = 633AFA177BAB00238B7453FA /* PairingView.swift */; };
		9A789CE5412EE364D1BC5335 /* WatchAPI.swift in Sources */ = {isa = PBXBuildFile; fileRef = BF09C9CB7FA49B0F84AFCB7D /* WatchAPI.swift */; };
		D05321683B2C49485E733A78 /* EntryDetailView.swift in Sources */ = {isa = PBXBuildFile; fileRef = E0ABBE4CDAE02375CFF761B2 /* EntryDetailView.swift */; };
/* End PBXBuildFile section */

/* Begin PBXFileReference section */
		2F73944F91DC980C2EF4DBA2 /* EntriesView.swift */ = {isa = PBXFileReference; lastKnownFileType = sourcecode.swift; path = EntriesView.swift; sourceTree = "<group>"; };
		3FBA1BC4109655DBC441AE42 /* Assets.xcassets */ = {isa = PBXFileReference; lastKnownFileType = folder.assetcatalog; path = Assets.xcassets; sourceTree = "<group>"; };
		633AFA177BAB00238B7453FA /* PairingView.swift */ = {isa = PBXFileReference; lastKnownFileType = sourcecode.swift; path = PairingView.swift; sourceTree = "<group>"; };
		AF0235445D34B2B8177B8518 /* ContentView.swift */ = {isa = PBXFileReference; lastKnownFileType = sourcecode.swift; path = ContentView.swift; sourceTree = "<group>"; };
		BF09C9CB7FA49B0F84AFCB7D /* WatchAPI.swift */ = {isa = PBXFileReference; lastKnownFileType = sourcecode.swift; path = WatchAPI.swift; sourceTree = "<group>"; };
		CFD04452450EF5D47F2EB33D /* UpvoteButton.swift */ = {isa = PBXFileReference; lastKnownFileType = sourcecode.swift; path = UpvoteButton.swift; sourceTree = "<group>"; };
		D1CE15B5F2F70D2761F6D55D /* WatchModels.swift */ = {isa = PBXFileReference; lastKnownFileType = sourcecode.swift; path = WatchModels.swift; sourceTree = "<group>"; };
		D6F8CE0F06CA063332B6C793 /* InkpressWatch.app */ = {isa = PBXFileReference; explicitFileType = wrapper.application; includeInIndex = 0; path = InkpressWatch.app; sourceTree = BUILT_PRODUCTS_DIR; };
		E0ABBE4CDAE02375CFF761B2 /* EntryDetailView.swift */ = {isa = PBXFileReference; lastKnownFileType = sourcecode.swift; path = EntryDetailView.swift; sourceTree = "<group>"; };
		F6953085598BE09BED001312 /* InkpressWatchApp.swift */ = {isa = PBXFileReference; lastKnownFileType = sourcecode.swift; path = InkpressWatchApp.swift; sourceTree = "<group>"; };
/* End PBXFileReference section */

/* Begin PBXGroup section */
		048562EE2B9BF78311A1E14D = {
			isa = PBXGroup;
			children = (
				18ABEB5A58F4DEDA88F8D5B8 /* Models */,
				5710D2B4FB66B876E05F03A3 /* Views */,
				9E3BDC5EDF6E1E59EDF357AD /* watchos */,
				B8C2ADA3FB9B7BB9BC426568 /* Products */,
			);
			sourceTree = "<group>";
		};
		18ABEB5A58F4DEDA88F8D5B8 /* Models */ = {
			isa = PBXGroup;
			children = (
				BF09C9CB7FA49B0F84AFCB7D /* WatchAPI.swift */,
				D1CE15B5F2F70D2761F6D55D /* WatchModels.swift */,
			);
			path = Models;
			sourceTree = "<group>";
		};
		5710D2B4FB66B876E05F03A3 /* Views */ = {
			isa = PBXGroup;
			children = (
				2F73944F91DC980C2EF4DBA2 /* EntriesView.swift */,
				E0ABBE4CDAE02375CFF761B2 /* EntryDetailView.swift */,
				633AFA177BAB00238B7453FA /* PairingView.swift */,
				CFD04452450EF5D47F2EB33D /* UpvoteButton.swift */,
			);
			path = Views;
			sourceTree = "<group>";
		};
		9E3BDC5EDF6E1E59EDF357AD /* watchos */ = {
			isa = PBXGroup;
			children = (
				3FBA1BC4109655DBC441AE42 /* Assets.xcassets */,
				AF0235445D34B2B8177B8518 /* ContentView.swift */,
				F6953085598BE09BED001312 /* InkpressWatchApp.swift */,
				18ABEB5A58F4DEDA88F8D5B8 /* Models */,
				5710D2B4FB66B876E05F03A3 /* Views */,
			);
			name = watchos;
			path = .;
			sourceTree = "<group>";
		};
		B8C2ADA3FB9B7BB9BC426568 /* Products */ = {
			isa = PBXGroup;
			children = (
				D6F8CE0F06CA063332B6C793 /* InkpressWatch.app */,
			);
			name = Products;
			sourceTree = "<group>";
		};
/* End PBXGroup section */

/* Begin PBXNativeTarget section */
		B2D50EC05877CEF0E0533928 /* InkpressWatch */ = {
			isa = PBXNativeTarget;
			buildConfigurationList = 8009881FEF6F6BA80A3B7429 /* Build configuration list for PBXNativeTarget "InkpressWatch" */;
			buildPhases = (
				39431E19D61D63883EB80A1E /* Sources */,
				C8FAB7CC6D948ED673365328 /* Resources */,
			);
			buildRules = (
			);
			dependencies = (
			);
			name = InkpressWatch;
			packageProductDependencies = (
			);
			productName = InkpressWatch;
			productReference = D6F8CE0F06CA063332B6C793 /* InkpressWatch.app */;
			productType = "com.apple.product-type.application";
		};
/* End PBXNativeTarget section */

/* Begin PBXProject section */
		0C543A0B37E273B2DBAF1FF5 /* Project object */ = {
			isa = PBXProject;
			attributes = {
				BuildIndependentTargetsInParallel = YES;
				LastUpgradeCheck = 1430;
				TargetAttributes = {
					B2D50EC05877CEF0E0533928 = {
						DevelopmentTeam = QMM486NPYC;
						ProvisioningStyle = Automatic;
					};
				};
			};
			buildConfigurationList = 3C7887D1E049B344DB84E2D5 /* Build configuration list for PBXProject "InkpressWatch" */;
			developmentRegion = en;
			hasScannedForEncodings = 0;
			knownRegions = (
				Base,
				en,
			);
			mainGroup = 048562EE2B9BF78311A1E14D;
			minimizedProjectReferenceProxies = 1;
			preferredProjectObjectVersion = 77;
			productRefGroup = B8C2ADA3FB9B7BB9BC426568 /* Products */;
			projectDirPath = "";
			projectRoot = "";
			targets = (
				B2D50EC05877CEF0E0533928 /* InkpressWatch */,
			);
		};
/* End PBXProject section */

/* Begin PBXResourcesBuildPhase section */
		C8FAB7CC6D948ED673365328 /* Resources */ = {
			isa = PBXResourcesBuildPhase;
			buildActionMask = 2147483647;
			files = (
				48BAFD1AFF0E17EC381AD01D /* Assets.xcassets in Resources */,
			);
			runOnlyForDeploymentPostprocessing = 0;
		};
/* End PBXResourcesBuildPhase section */

/* Begin PBXSourcesBuildPhase section */
		39431E19D61D63883EB80A1E /* Sources */ = {
			isa = PBXSourcesBuildPhase;
			buildActionMask = 2147483647;
			files = (
				297D8CE864B999198B1B341D /* ContentView.swift in Sources */,
				93134B7A3B3EBEA63363FC3F /* EntriesView.swift in Sources */,
				D05321683B2C49485E733A78 /* EntryDetailView.swift in Sources */,
				3339BFAC9CA4263CF988805C /* InkpressWatchApp.swift in Sources */,
				97745CD91C1E592824A31069 /* PairingView.swift in Sources */,
				454C53DFA1423B8CB1570534 /* UpvoteButton.swift in Sources */,
				9A789CE5412EE364D1BC5335 /* WatchAPI.swift in Sources */,
				8C976CD508934979CE12C709 /* WatchModels.swift in Sources */,
			);
			runOnlyForDeploymentPostprocessing = 0;
		};
/* End PBXSourcesBuildPhase section */

/* Begin XCBuildConfiguration section */
		5D7B874B277C8078A9EA0415 /* Release */ = {
			isa = XCBuildConfiguration;
			buildSettings = {
				ALWAYS_SEARCH_USER_PATHS = NO;
				CLANG_ANALYZER_NONNULL = YES;
				CLANG_ANALYZER_NUMBER_OBJECT_CONVERSION = YES_AGGRESSIVE;
				CLANG_CXX_LANGUAGE_STANDARD = "gnu++14";
				CLANG_CXX_LIBRARY = "libc++";
				CLANG_ENABLE_MODULES = YES;
				CLANG_ENABLE_OBJC_ARC = YES;
				CLANG_ENABLE_OBJC_WEAK = YES;
				CLANG_WARN_BLOCK_CAPTURE_AUTORELEASING = YES;
				CLANG_WARN_BOOL_CONVERSION = YES;
				CLANG_WARN_COMMA = YES;
				CLANG_WARN_CONSTANT_CONVERSION = YES;
				CLANG_WARN_DEPRECATED_OBJC_IMPLEMENTATIONS = YES;
				CLANG_WARN_DIRECT_OBJC_ISA_USAGE = YES_ERROR;
				CLANG_WARN_DOCUMENTATION_COMMENTS = YES;
				CLANG_WARN_EMPTY_BODY = YES;
				CLANG_WARN_ENUM_CONVERSION = YES;
				CLANG_WARN_INFINITE_RECURSION = YES;
				CLANG_WARN_INT_CONVERSION = YES;
				CLANG_WARN_NON_LITERAL_NULL_CONVERSION = YES;
				CLANG_WARN_OBJC_IMPLICIT_RETAIN_SELF = YES;
				CLANG_WARN_OBJC_LITERAL_CONVERSION = YES;
				CLANG_WARN_OBJC_ROOT_CLASS = YES_ERROR;
				CLANG_WARN_QUOTED_INCLUDE_IN_FRAMEWORK_HEADER = YES;
				CLANG_WARN_RANGE_LOOP_ANALYSIS = YES;
				CLANG_WARN_STRICT_PROTOTYPES = YES;
				CLANG_WARN_SUSPICIOUS_MOVE = YES;
				CLANG_WARN_UNGUARDED_AVAILABILITY = YES_AGGRESSIVE;
				CLANG_WARN_UNREACHABLE_CODE = YES;
				CLANG_WARN__DUPLICATE_METHOD_MATCH = YES;
				CODE_SIGN_STYLE = Automatic;
				COPY_PHASE_STRIP = NO;
				CURRENT_PROJECT_VERSION = 1;
				DEBUG_INFORMATION_FORMAT = "dwarf-with-dsym";
				DEVELOPMENT_TEAM = QMM486NPYC;
				ENABLE_NS_ASSERTIONS = NO;
				ENABLE_STRICT_OBJC_MSGSEND = YES;
				GCC_C_LANGUAGE_STANDARD = gnu11;
				GCC_NO_COMMON_BLOCKS = YES;
				GCC_WARN_64_TO_32_BIT_CONVERSION = YES;
				GCC_WARN_ABOUT_RETURN_TYPE = YES_ERROR;
				GCC_WARN_UNDECLARED_SELECTOR = YES;
				GCC_WARN_UNINITIALIZED_AUTOS = YES_AGGRESSIVE;
				GCC_WARN_UNUSED_FUNCTION = YES;
				GCC_WARN_UNUSED_VARIABLE = YES;
				MARKETING_VERSION = 1.0.0;
				MTL_ENABLE_DEBUG_INFO = NO;
				MTL_FAST_MATH = YES;
				PRODUCT_NAME = "$(TARGET_NAME)";
				SDKROOT = watchos;
				SWIFT_COMPILATION_MODE = wholemodule;
				SWIFT_OPTIMIZATION_LEVEL = "-O";
				SWIFT_VERSION = 6.0;
				WATCHOS_DEPLOYMENT_TARGET = 10.0;
			};
			name = Release;
		};
		78A2EB1B1A53C45393840096 /* Release */ = {
			isa = XCBuildConfiguration;
			buildSettings = {
				ASSETCATALOG_COMPILER_APPICON_NAME = AppIcon;
				GENERATE_INFOPLIST_FILE = YES;
				INFOPLIST_FILE = "";
				INFOPLIST_KEY_WKWatchOnly = YES;
				PRODUCT_BUNDLE_IDENTIFIER = com.nulljosh.journal.watchos;
				PRODUCT_NAME = Inkpress;
				SDKROOT = watchos;
				SKIP_INSTALL = YES;
				TARGETED_DEVICE_FAMILY = 4;
			};
			name = Release;
		};
		F4C7ED91BBA9C38F0877958E /* Debug */ = {
			isa = XCBuildConfiguration;
			buildSettings = {
				ASSETCATALOG_COMPILER_APPICON_NAME = AppIcon;
				GENERATE_INFOPLIST_FILE = YES;
				INFOPLIST_FILE = "";
				INFOPLIST_KEY_WKWatchOnly = YES;
				PRODUCT_BUNDLE_IDENTIFIER = com.nulljosh.journal.watchos;
				PRODUCT_NAME = Inkpress;
				SDKROOT = watchos;
				SKIP_INSTALL = YES;
				TARGETED_DEVICE_FAMILY = 4;
			};
			name = Debug;
		};
		FF357B907F2AE20D92527A95 /* Debug */ = {
			isa = XCBuildConfiguration;
			buildSettings = {
				ALWAYS_SEARCH_USER_PATHS = NO;
				CLANG_ANALYZER_NONNULL = YES;
				CLANG_ANALYZER_NUMBER_OBJECT_CONVERSION = YES_AGGRESSIVE;
				CLANG_CXX_LANGUAGE_STANDARD = "gnu++14";
				CLANG_CXX_LIBRARY = "libc++";
				CLANG_ENABLE_MODULES = YES;
				CLANG_ENABLE_OBJC_ARC = YES;
				CLANG_ENABLE_OBJC_WEAK = YES;
				CLANG_WARN_BLOCK_CAPTURE_AUTORELEASING = YES;
				CLANG_WARN_BOOL_CONVERSION = YES;
				CLANG_WARN_COMMA = YES;
				CLANG_WARN_CONSTANT_CONVERSION = YES;
				CLANG_WARN_DEPRECATED_OBJC_IMPLEMENTATIONS = YES;
				CLANG_WARN_DIRECT_OBJC_ISA_USAGE = YES_ERROR;
				CLANG_WARN_DOCUMENTATION_COMMENTS = YES;
				CLANG_WARN_EMPTY_BODY = YES;
				CLANG_WARN_ENUM_CONVERSION = YES;
				CLANG_WARN_INFINITE_RECURSION = YES;
				CLANG_WARN_INT_CONVERSION = YES;
				CLANG_WARN_NON_LITERAL_NULL_CONVERSION = YES;
				CLANG_WARN_OBJC_IMPLICIT_RETAIN_SELF = YES;
				CLANG_WARN_OBJC_LITERAL_CONVERSION = YES;
				CLANG_WARN_OBJC_ROOT_CLASS = YES_ERROR;
				CLANG_WARN_QUOTED_INCLUDE_IN_FRAMEWORK_HEADER = YES;
				CLANG_WARN_RANGE_LOOP_ANALYSIS = YES;
				CLANG_WARN_STRICT_PROTOTYPES = YES;
				CLANG_WARN_SUSPICIOUS_MOVE = YES;
				CLANG_WARN_UNGUARDED_AVAILABILITY = YES_AGGRESSIVE;
				CLANG_WARN_UNREACHABLE_CODE = YES;
				CLANG_WARN__DUPLICATE_METHOD_MATCH = YES;
				CODE_SIGN_STYLE = Automatic;
				COPY_PHASE_STRIP = NO;
				CURRENT_PROJECT_VERSION = 1;
				DEBUG_INFORMATION_FORMAT = dwarf;
				DEVELOPMENT_TEAM = QMM486NPYC;
				ENABLE_STRICT_OBJC_MSGSEND = YES;
				ENABLE_TESTABILITY = YES;
				GCC_C_LANGUAGE_STANDARD = gnu11;
				GCC_DYNAMIC_NO_PIC = NO;
				GCC_NO_COMMON_BLOCKS = YES;
				GCC_OPTIMIZATION_LEVEL = 0;
				GCC_PREPROCESSOR_DEFINITIONS = (
					"$(inherited)",
					"DEBUG=1",
				);
				GCC_WARN_64_TO_32_BIT_CONVERSION = YES;
				GCC_WARN_ABOUT_RETURN_TYPE = YES_ERROR;
				GCC_WARN_UNDECLARED_SELECTOR = YES;
				GCC_WARN_UNINITIALIZED_AUTOS = YES_AGGRESSIVE;
				GCC_WARN_UNUSED_FUNCTION = YES;
				GCC_WARN_UNUSED_VARIABLE = YES;
				MARKETING_VERSION = 1.0.0;
				MTL_ENABLE_DEBUG_INFO = INCLUDE_SOURCE;
				MTL_FAST_MATH = YES;
				ONLY_ACTIVE_ARCH = YES;
				PRODUCT_NAME = "$(TARGET_NAME)";
				SDKROOT = watchos;
				SWIFT_ACTIVE_COMPILATION_CONDITIONS = DEBUG;
				SWIFT_OPTIMIZATION_LEVEL = "-Onone";
				SWIFT_VERSION = 6.0;
				WATCHOS_DEPLOYMENT_TARGET = 10.0;
			};
			name = Debug;
		};
/* End XCBuildConfiguration section */

/* Begin XCConfigurationList section */
		3C7887D1E049B344DB84E2D5 /* Build configuration list for PBXProject "InkpressWatch" */ = {
			isa = XCConfigurationList;
			buildConfigurations = (
				FF357B907F2AE20D92527A95 /* Debug */,
				5D7B874B277C8078A9EA0415 /* Release */,
			);
			defaultConfigurationIsVisible = 0;
			defaultConfigurationName = Debug;
		};
		8009881FEF6F6BA80A3B7429 /* Build configuration list for PBXNativeTarget "InkpressWatch" */ = {
			isa = XCConfigurationList;
			buildConfigurations = (
				F4C7ED91BBA9C38F0877958E /* Debug */,
				78A2EB1B1A53C45393840096 /* Release */,
			);
			defaultConfigurationIsVisible = 0;
			defaultConfigurationName = Debug;
		};
/* End XCConfigurationList section */
	};
	rootObject = 0C543A0B37E273B2DBAF1FF5 /* Project object */;
}
